// !$*UTF8*$!
{
	archiveVersion = 1;
	classes = {
	};
	objectVersion = 55;
	objects = {

/* Begin PBXBuildFile section */
		428AEBF0279CC18100E58D3E /* PlannerlyAppApp.swift in Sources */ = {isa = PBXBuildFile; fileRef = 428AEBC8279CC17B00E58D3E /* PlannerlyAppApp.swift */; };
		428AEBF4279CC18100E58D3E /* Assets.xcassets in Resources */ = {isa = PBXBuildFile; fileRef = 428AEBCA279CC18000E58D3E /* Assets.xcassets */; };
		428AEC0E279CC1C100E58D3E /* AddView.swift in Sources */ = {isa = PBXBuildFile; fileRef = 428AEC04279CC1C000E58D3E /* AddView.swift */; };
		428AEC11279CC1C100E58D3E /* Menu.swift in Sources */ = {isa = PBXBuildFile; fileRef = 428AEC07279CC1C000E58D3E /* Menu.swift */; };
		428AEC14279CC1C100E58D3E /* ContentView.swift in Sources */ = {isa = PBXBuildFile; fileRef = 428AEC0A279CC1C100E58D3E /* ContentView.swift */; };
		428AEC16279CC1C100E58D3E /* Helper.swift in Sources */ = {isa = PBXBuildFile; fileRef = 428AEC0C279CC1C100E58D3E /* Helper.swift */; };
		428AEC19279CC1C700E58D3E /* launch screen.png in Resources */ = {isa = PBXBuildFile; fileRef = 428AEC18279CC1C700E58D3E /* launch screen.png */; };
		428AEC1B279CC28600E58D3E /* menu.json in Resources */ = {isa = PBXBuildFile; fileRef = 428AEC1A279CC28600E58D3E /* menu.json */; };
		42B914DB27C18E64001E0B3F /* ForumView.swift in Sources */ = {isa = PBXBuildFile; fileRef = 42B914DA27C18E64001E0B3F /* ForumView.swift */; };
/* End PBXBuildFile section */

/* Begin PBXFileReference section */
		428AEBC8279CC17B00E58D3E /* PlannerlyAppApp.swift */ = {isa = PBXFileReference; lastKnownFileType = sourcecode.swift; path = PlannerlyAppApp.swift; sourceTree = "<group>"; };
		428AEBCA279CC18000E58D3E /* Assets.xcassets */ = {isa = PBXFileReference; lastKnownFileType = folder.assetcatalog; path = Assets.xcassets; sourceTree = "<group>"; };
		428AEBCF279CC18100E58D3E /* PlannerlyApp.app */ = {isa = PBXFileReference; explicitFileType = wrapper.application; includeInIndex = 0; path = PlannerlyApp.app; sourceTree = BUILT_PRODUCTS_DIR; };
		428AEC04279CC1C000E58D3E /* AddView.swift */ = {isa = PBXFileReference; fileEncoding = 4; lastKnownFileType = sourcecode.swift; path = AddView.swift; sourceTree = "<group>"; };
		428AEC07279CC1C000E58D3E /* Menu.swift */ = {isa = PBXFileReference; fileEncoding = 4; lastKnownFileType = sourcecode.swift; path = Menu.swift; sourceTree = "<group>"; };
		428AEC0A279CC1C100E58D3E /* ContentView.swift */ = {isa = PBXFileReference; fileEncoding = 4; lastKnownFileType = sourcecode.swift; path = ContentView.swift; sourceTree = "<group>"; };
		428AEC0C279CC1C100E58D3E /* Helper.swift */ = {isa = PBXFileReference; fileEncoding = 4; lastKnownFileType = sourcecode.swift; path = Helper.swift; sourceTree = "<group>"; };
		428AEC18279CC1C700E58D3E /* launch screen.png */ = {isa = PBXFileReference; lastKnownFileType = image.png; path = "launch screen.png"; sourceTree = "<group>"; };
		428AEC1A279CC28600E58D3E /* menu.json */ = {isa = PBXFileReference; fileEncoding = 4; lastKnownFileType = text.json; path = menu.json; sourceTree = "<group>"; };
		42B914DA27C18E64001E0B3F /* ForumView.swift */ = {isa = PBXFileReference; lastKnownFileType = sourcecode.swift; path = ForumView.swift; sourceTree = "<group>"; };
/* End PBXFileReference section */

/* Begin PBXFrameworksBuildPhase section */
		428AEBCC279CC18100E58D3E /* Frameworks */ = {
			isa = PBXFrameworksBuildPhase;
			buildActionMask = 2147483647;
			files = (
			);
			runOnlyForDeploymentPostprocessing = 0;
		};
/* End PBXFrameworksBuildPhase section */

/* Begin PBXGroup section */
		428AEBC2279CC17B00E58D3E = {
			isa = PBXGroup;
			children = (
				428AEBC7279CC17B00E58D3E /* Shared */,
				428AEBD0279CC18100E58D3E /* Products */,
			);
			sourceTree = "<group>";
		};
		428AEBC7279CC17B00E58D3E /* Shared */ = {
			isa = PBXGroup;
			children = (
				428AEBC8279CC17B00E58D3E /* PlannerlyAppApp.swift */,
				428AEBCA279CC18000E58D3E /* Assets.xcassets */,
				428AEC04279CC1C000E58D3E /* AddView.swift */,
				428AEC0A279CC1C100E58D3E /* ContentView.swift */,
				42B914DA27C18E64001E0B3F /* ForumView.swift */,
				428AEC0C279CC1C100E58D3E /* Helper.swift */,
				428AEC07279CC1C000E58D3E /* Menu.swift */,
				428AEC1A279CC28600E58D3E /* menu.json */,
				428AEC18279CC1C700E58D3E /* launch screen.png */,
			);
			path = Shared;
			sourceTree = "<group>";
		};
		428AEBD0279CC18100E58D3E /* Products */ = {
			isa = PBXGroup;
			children = (
				428AEBCF279CC18100E58D3E /* PlannerlyApp.app */,
			);
			name = Products;
			sourceTree = "<group>";
		};
/* End PBXGroup section */

/* Begin PBXNativeTarget section */
		428AEBCE279CC18100E58D3E /* PlannerlyApp (iOS) */ = {
			isa = PBXNativeTarget;
			buildConfigurationList = 428AEBF8279CC18100E58D3E /* Build configuration list for PBXNativeTarget "PlannerlyApp (iOS)" */;
			buildPhases = (
				428AEBCB279CC18100E58D3E /* Sources */,
				428AEBCC279CC18100E58D3E /* Frameworks */,
				428AEBCD279CC18100E58D3E /* Resources */,
			);
			buildRules = (
			);
			dependencies = (
			);
			name = "PlannerlyApp (iOS)";
			productName = "PlannerlyApp (iOS)";
			productReference = 428AEBCF279CC18100E58D3E /* PlannerlyApp.app */;
			productType = "com.apple.product-type.application";
		};
/* End PBXNativeTarget section */

/* Begin PBXProject section */
		428AEBC3279CC17B00E58D3E /* Project object */ = {
			isa = PBXProject;
			attributes = {
				BuildIndependentTargetsInParallel = 1;
				LastSwiftUpdateCheck = 1320;
				LastUpgradeCheck = 1320;
				TargetAttributes = {
					428AEBCE279CC18100E58D3E = {
						CreatedOnToolsVersion = 13.2.1;
					};
				};
			};
			buildConfigurationList = 428AEBC6279CC17B00E58D3E /* Build configuration list for PBXProject "PlannerlyApp" */;
			compatibilityVersion = "Xcode 13.0";
			developmentRegion = en;
			hasScannedForEncodings = 0;
			knownRegions = (
				en,
				Base,
			);
			mainGroup = 428AEBC2279CC17B00E58D3E;
			productRefGroup = 428AEBD0279CC18100E58D3E /* Products */;
			projectDirPath = "";
			projectRoot = "";
			targets = (
				428AEBCE279CC18100E58D3E /* PlannerlyApp (iOS) */,
			);
		};
/* End PBXProject section */

/* Begin PBXResourcesBuildPhase section */
		428AEBCD279CC18100E58D3E /* Resources */ = {
			isa = PBXResourcesBuildPhase;
			buildActionMask = 2147483647;
			files = (
				428AEC19279CC1C700E58D3E /* launch screen.png in Resources */,
				428AEBF4279CC18100E58D3E /* Assets.xcassets in Resources */,
				428AEC1B279CC28600E58D3E /* menu.json in Resources */,
			);
			runOnlyForDeploymentPostprocessing = 0;
		};
/* End PBXResourcesBuildPhase section */

/* Begin PBXSourcesBuildPhase section */
		428AEBCB279CC18100E58D3E /* Sources */ = {
			isa = PBXSourcesBuildPhase;
			buildActionMask = 2147483647;
			files = (
				428AEC0E279CC1C100E58D3E /* AddView.swift in Sources */,
				428AEC14279CC1C100E58D3E /* ContentView.swift in Sources */,
				428AEC16279CC1C100E58D3E /* Helper.swift in Sources */,
				428AEBF0279CC18100E58D3E /* PlannerlyAppApp.swift in Sources */,
				42B914DB27C18E64001E0B3F /* ForumView.swift in Sources */,
				428AEC11279CC1C100E58D3E /* Menu.swift in Sources */,
			);
			runOnlyForDeploymentPostprocessing = 0;
		};
/* End PBXSourcesBuildPhase section */

/* Begin XCBuildConfiguration section */
		428AEBF6279CC18100E58D3E /* Debug */ = {
			isa = XCBuildConfiguration;
			buildSettings = {
				ALWAYS_SEARCH_USER_PATHS = NO;
				CLANG_ANALYZER_NONNULL = YES;
				CLANG_ANALYZER_NUMBER_OBJECT_CONVERSION = YES_AGGRESSIVE;
				CLANG_CXX_LANGUAGE_STANDARD = "gnu++17";
				CLANG_CXX_LIBRARY = "libc++";
				CLANG_ENABLE_MODULES = YES;
				CLANG_ENABLE_OBJC_ARC = YES;
				CLANG_ENABLE_OBJC_WEAK = YES;
				CLANG_WARN_BLOCK_CAPTURE_AUTORELEASING = YES;
				CLANG_WARN_BOOL_CONVERSION = YES;
				CLANG_WARN_COMMA = YES;
				CLANG_WARN_CONSTANT_CONVERSION = YES;
				CLANG_WARN_DEPRECATED_OBJC_IMPLEMENTATIONS = YES;
				CLANG_WARN_DIRECT_OBJC_ISA_USAGE = YES_ERROR;
				CLANG_WARN_DOCUMENTATION_COMMENTS = YES;
				CLANG_WARN_EMPTY_BODY = YES;
				CLANG_WARN_ENUM_CONVERSION = YES;
				CLANG_WARN_INFINITE_RECURSION = YES;
				CLANG_WARN_INT_CONVERSION = YES;
				CLANG_WARN_NON_LITERAL_NULL_CONVERSION = YES;
				CLANG_WARN_OBJC_IMPLICIT_RETAIN_SELF = YES;
				CLANG_WARN_OBJC_LITERAL_CONVERSION = YES;
				CLANG_WARN_OBJC_ROOT_CLASS = YES_ERROR;
				CLANG_WARN_QUOTED_INCLUDE_IN_FRAMEWORK_HEADER = YES;
				CLANG_WARN_RANGE_LOOP_ANALYSIS = YES;
				CLANG_WARN_STRICT_PROTOTYPES = YES;
				CLANG_WARN_SUSPICIOUS_MOVE = YES;
				CLANG_WARN_UNGUARDED_AVAILABILITY = YES_AGGRESSIVE;
				CLANG_WARN_UNREACHABLE_CODE = YES;
				CLANG_WARN__DUPLICATE_METHOD_MATCH = YES;
				COPY_PHASE_STRIP = NO;
				DEBUG_INFORMATION_FORMAT = dwarf;
				ENABLE_STRICT_OBJC_MSGSEND = YES;
				ENABLE_TESTABILITY = YES;
				GCC_C_LANGUAGE_STANDARD = gnu11;
				GCC_DYNAMIC_NO_PIC = NO;
				GCC_NO_COMMON_BLOCKS = YES;
				GCC_OPTIMIZATION_LEVEL = 0;
				GCC_PREPROCESSOR_DEFINITIONS = (
					"DEBUG=1",
					"$(inherited)",
				);
				GCC_WARN_64_TO_32_BIT_CONVERSION = YES;
				GCC_WARN_ABOUT_RETURN_TYPE = YES_ERROR;
				GCC_WARN_UNDECLARED_SELECTOR = YES;
				GCC_WARN_UNINITIALIZED_AUTOS = YES_AGGRESSIVE;
				GCC_WARN_UNUSED_FUNCTION = YES;
				GCC_WARN_UNUSED_VARIABLE = YES;
				MTL_ENABLE_DEBUG_INFO = INCLUDE_SOURCE;
				MTL_FAST_MATH = YES;
				ONLY_ACTIVE_ARCH = YES;
				SWIFT_ACTIVE_COMPILATION_CONDITIONS = DEBUG;
				SWIFT_OPTIMIZATION_LEVEL = "-Onone";
			};
			name = Debug;
		};
		428AEBF7279CC18100E58D3E /* Release */ = {
			isa = XCBuildConfiguration;
			buildSettings = {
				ALWAYS_SEARCH_USER_PATHS = NO;
				CLANG_ANALYZER_NONNULL = YES;
				CLANG_ANALYZER_NUMBER_OBJECT_CONVERSION = YES_AGGRESSIVE;
				CLANG_CXX_LANGUAGE_STANDARD = "gnu++17";
				CLANG_CXX_LIBRARY = "libc++";
				CLANG_ENABLE_MODULES = YES;
				CLANG_ENABLE_OBJC_ARC = YES;
				CLANG_ENABLE_OBJC_WEAK = YES;
				CLANG_WARN_BLOCK_CAPTURE_AUTORELEASING = YES;
				CLANG_WARN_BOOL_CONVERSION = YES;
				CLANG_WARN_COMMA = YES;
				CLANG_WARN_CONSTANT_CONVERSION = YES;
				CLANG_WARN_DEPRECATED_OBJC_IMPLEMENTATIONS = YES;
				CLANG_WARN_DIRECT_OBJC_ISA_USAGE = YES_ERROR;
				CLANG_WARN_DOCUMENTATION_COMMENTS = YES;
				CLANG_WARN_EMPTY_BODY = YES;
				CLANG_WARN_ENUM_CONVERSION = YES;
				CLANG_WARN_INFINITE_RECURSION = YES;
				CLANG_WARN_INT_CONVERSION = YES;
				CLANG_WARN_NON_LITERAL_NULL_CONVERSION = YES;
				CLANG_WARN_OBJC_IMPLICIT_RETAIN_SELF = YES;
				CLANG_WARN_OBJC_LITERAL_CONVERSION = YES;
				CLANG_WARN_OBJC_ROOT_CLASS = YES_ERROR;
				CLANG_WARN_QUOTED_INCLUDE_IN_FRAMEWORK_HEADER = YES;
				CLANG_WARN_RANGE_LOOP_ANALYSIS = YES;
				CLANG_WARN_STRICT_PROTOTYPES = YES;
				CLANG_WARN_SUSPICIOUS_MOVE = YES;
				CLANG_WARN_UNGUARDED_AVAILABILITY = YES_AGGRESSIVE;
				CLANG_WARN_UNREACHABLE_CODE = YES;
				CLANG_WARN__DUPLICATE_METHOD_MATCH = YES;
				COPY_PHASE_STRIP = NO;
				DEBUG_INFORMATION_FORMAT = "dwarf-with-dsym";
				ENABLE_NS_ASSERTIONS = NO;
				ENABLE_STRICT_OBJC_MSGSEND = YES;
				GCC_C_LANGUAGE_STANDARD = gnu11;
				GCC_NO_COMMON_BLOCKS = YES;
				GCC_WARN_64_TO_32_BIT_CONVERSION = YES;
				GCC_WARN_ABOUT_RETURN_TYPE = YES_ERROR;
				GCC_WARN_UNDECLARED_SELECTOR = YES;
				GCC_WARN_UNINITIALIZED_AUTOS = YES_AGGRESSIVE;
				GCC_WARN_UNUSED_FUNCTION = YES;
				GCC_WARN_UNUSED_VARIABLE = YES;
				MTL_ENABLE_DEBUG_INFO = NO;
				MTL_FAST_MATH = YES;
				SWIFT_COMPILATION_MODE = wholemodule;
				SWIFT_OPTIMIZATION_LEVEL = "-O";
			};
			name = Release;
		};
		428AEBF9279CC18100E58D3E /* Debug */ = {
			isa = XCBuildConfiguration;
			buildSettings = {
				ASSETCATALOG_COMPILER_APPICON_NAME = AppIcon;
				ASSETCATALOG_COMPILER_GLOBAL_ACCENT_COLOR_NAME = AccentColor;
				CODE_SIGN_STYLE = Automatic;
				CURRENT_PROJECT_VERSION = 1;
				DEVELOPMENT_TEAM = 85FB448K4T;
				ENABLE_PREVIEWS = YES;
				GENERATE_INFOPLIST_FILE = YES;
				INFOPLIST_KEY_UIApplicationSceneManifest_Generation = YES;
				INFOPLIST_KEY_UIApplicationSupportsIndirectInputEvents = YES;
				INFOPLIST_KEY_UILaunchScreen_Generation = YES;
				INFOPLIST_KEY_UILaunchStoryboardName = "launch screen";
				INFOPLIST_KEY_UISupportedInterfaceOrientations = UIInterfaceOrientationPortrait;
				INFOPLIST_KEY_UISupportedInterfaceOrientations_iPad = "UIInterfaceOrientationPortrait UIInterfaceOrientationPortraitUpsideDown UIInterfaceOrientationLandscapeLeft UIInterfaceOrientationLandscapeRight";
				INFOPLIST_KEY_UISupportedInterfaceOrientations_iPhone = "UIInterfaceOrientationPortrait UIInterfaceOrientationLandscapeLeft UIInterfaceOrientationLandscapeRight";
				IPHONEOS_DEPLOYMENT_TARGET = 15.0;
				LD_RUNPATH_SEARCH_PATHS = (
					"$(inherited)",
					"@executable_path/Frameworks",
				);
				MARKETING_VERSION = 1.0;
				PRODUCT_BUNDLE_IDENTIFIER = plannerly.PlannerlyApp;
				PRODUCT_NAME = PlannerlyApp;
				SDKROOT = iphoneos;
				SWIFT_EMIT_LOC_STRINGS = YES;
				SWIFT_VERSION = 5.0;
				TARGETED_DEVICE_FAMILY = 1;
			};
			name = Debug;
		};
		428AEBFA279CC18100E58D3E /* Release */ = {
			isa = XCBuildConfiguration;
			buildSettings = {
				ASSETCATALOG_COMPILER_APPICON_NAME = AppIcon;
				ASSETCATALOG_COMPILER_GLOBAL_ACCENT_COLOR_NAME = AccentColor;
				CODE_SIGN_STYLE = Automatic;
				CURRENT_PROJECT_VERSION = 1;
				DEVELOPMENT_TEAM = 85FB448K4T;
				ENABLE_PREVIEWS = YES;
				GENERATE_INFOPLIST_FILE = YES;
				INFOPLIST_KEY_UIApplicationSceneManifest_Generation = YES;
				INFOPLIST_KEY_UIApplicationSupportsIndirectInputEvents = YES;
				INFOPLIST_KEY_UILaunchScreen_Generation = YES;
				INFOPLIST_KEY_UILaunchStoryboardName = "launch screen";
				INFOPLIST_KEY_UISupportedInterfaceOrientations = UIInterfaceOrientationPortrait;
				INFOPLIST_KEY_UISupportedInterfaceOrientations_iPad = "UIInterfaceOrientationPortrait UIInterfaceOrientationPortraitUpsideDown UIInterfaceOrientationLandscapeLeft UIInterfaceOrientationLandscapeRight";
				INFOPLIST_KEY_UISupportedInterfaceOrientations_iPhone = "UIInterfaceOrientationPortrait UIInterfaceOrientationLandscapeLeft UIInterfaceOrientationLandscapeRight";
				IPHONEOS_DEPLOYMENT_TARGET = 15.0;
				LD_RUNPATH_SEARCH_PATHS = (
					"$(inherited)",
					"@executable_path/Frameworks",
				);
				MARKETING_VERSION = 1.0;
				PRODUCT_BUNDLE_IDENTIFIER = plannerly.PlannerlyApp;
				PRODUCT_NAME = PlannerlyApp;
				SDKROOT = iphoneos;
				SWIFT_EMIT_LOC_STRINGS = YES;
				SWIFT_VERSION = 5.0;
				TARGETED_DEVICE_FAMILY = 1;
				VALIDATE_PRODUCT = YES;
			};
			name = Release;
		};
/* End XCBuildConfiguration section */

/* Begin XCConfigurationList section */
		428AEBC6279CC17B00E58D3E /* Build configuration list for PBXProject "PlannerlyApp" */ = {
			isa = XCConfigurationList;
			buildConfigurations = (
				428AEBF6279CC18100E58D3E /* Debug */,
				428AEBF7279CC18100E58D3E /* Release */,
			);
			defaultConfigurationIsVisible = 0;
			defaultConfigurationName = Release;
		};
		428AEBF8279CC18100E58D3E /* Build configuration list for PBXNativeTarget "PlannerlyApp (iOS)" */ = {
			isa = XCConfigurationList;
			buildConfigurations = (
				428AEBF9279CC18100E58D3E /* Debug */,
				428AEBFA279CC18100E58D3E /* Release */,
			);
			defaultConfigurationIsVisible = 0;
			defaultConfigurationName = Release;
		};
/* End XCConfigurationList section */
	};
	rootObject = 428AEBC3279CC17B00E58D3E /* Project object */;
}
